
Microsoft Visual Studio Solution File, Format Version 12.00
# Visual Studio Version 16
VisualStudioVersion = 16.0.29123.88
MinimumVisualStudioVersion = 10.0.40219.1
Project("{FAE04EC0-301F-11D3-BF4B-00C04F79EFBC}") = "BulkRegister", "BulkRegister\BulkRegister.csproj", "{03A00BF0-9ACA-492D-B22C-8B9F4B1E2DA7}"
EndProject
Project("{FAE04EC0-301F-11D3-BF4B-00C04F79EFBC}") = "AccountsGenerator", "AccountsGenerator\AccountsGenerator.csproj", "{1004C72E-4656-4BBB-991A-252CC9F81287}"
EndProject
Global
	GlobalSection(SolutionConfigurationPlatforms) = preSolution
		Debug|Any CPU = Debug|Any CPU
		Debug|x64 = Debug|x64
		Debug|x86 = Debug|x86
		Fody|Any CPU = Fody|Any CPU
		Fody|x64 = Fody|x64
		Fody|x86 = Fody|x86
		Release|Any CPU = Release|Any CPU
		Release|x64 = Release|x64
		Release|x86 = Release|x86
	EndGlobalSection
	GlobalSection(ProjectConfigurationPlatforms) = postSolution
		{03A00BF0-9ACA-492D-B22C-8B9F4B1E2DA7}.Debug|Any CPU.ActiveCfg = Debug|Any CPU
		{03A00BF0-9ACA-492D-B22C-8B9F4B1E2DA7}.Debug|Any CPU.Build.0 = Debug|Any CPU
		{03A00BF0-9ACA-492D-B22C-8B9F4B1E2DA7}.Debug|x64.ActiveCfg = Debug|x64
		{03A00BF0-9ACA-492D-B22C-8B9F4B1E2DA7}.Debug|x64.Build.0 = Debug|x64
		{03A00BF0-9ACA-492D-B22C-8B9F4B1E2DA7}.Debug|x86.ActiveCfg = Debug|x86
		{03A00BF0-9ACA-492D-B22C-8B9F4B1E2DA7}.Debug|x86.Build.0 = Debug|x86
		{03A00BF0-9ACA-492D-B22C-8B9F4B1E2DA7}.Fody|Any CPU.ActiveCfg = Fody|Any CPU
		{03A00BF0-9ACA-492D-B22C-8B9F4B1E2DA7}.Fody|Any CPU.Build.0 = Fody|Any CPU
		{03A00BF0-9ACA-492D-B22C-8B9F4B1E2DA7}.Fody|x64.ActiveCfg = Fody|x64
		{03A00BF0-9ACA-492D-B22C-8B9F4B1E2DA7}.Fody|x64.Build.0 = Fody|x64
		{03A00BF0-9ACA-492D-B22C-8B9F4B1E2DA7}.Fody|x86.ActiveCfg = Fody|x86
		{03A00BF0-9ACA-492D-B22C-8B9F4B1E2DA7}.Fody|x86.Build.0 = Fody|x86
		{03A00BF0-9ACA-492D-B22C-8B9F4B1E2DA7}.Release|Any CPU.ActiveCfg = Release|Any CPU
		{03A00BF0-9ACA-492D-B22C-8B9F4B1E2DA7}.Release|Any CPU.Build.0 = Release|Any CPU
		{03A00BF0-9ACA-492D-B22C-8B9F4B1E2DA7}.Release|x64.ActiveCfg = Release|x64
		{03A00BF0-9ACA-492D-B22C-8B9F4B1E2DA7}.Release|x64.Build.0 = Release|x64
		{03A00BF0-9ACA-492D-B22C-8B9F4B1E2DA7}.Release|x86.ActiveCfg = Release|x86
		{03A00BF0-9ACA-492D-B22C-8B9F4B1E2DA7}.Release|x86.Build.0 = Release|x86
		{1004C72E-4656-4BBB-991A-252CC9F81287}.Debug|Any CPU.ActiveCfg = Debug|Any CPU
		{1004C72E-4656-4BBB-991A-252CC9F81287}.Debug|Any CPU.Build.0 = Debug|Any CPU
		{1004C72E-4656-4BBB-991A-252CC9F81287}.Debug|x64.ActiveCfg = Debug|x64
		{1004C72E-4656-4BBB-991A-252CC9F81287}.Debug|x64.Build.0 = Debug|x64
		{1004C72E-4656-4BBB-991A-252CC9F81287}.Debug|x86.ActiveCfg = Debug|x86
		{1004C72E-4656-4BBB-991A-252CC9F81287}.Debug|x86.Build.0 = Debug|x86
		{1004C72E-4656-4BBB-991A-252CC9F81287}.Fody|Any CPU.ActiveCfg = Release|Any CPU
		{1004C72E-4656-4BBB-991A-252CC9F81287}.Fody|Any CPU.Build.0 = Release|Any CPU
		{1004C72E-4656-4BBB-991A-252CC9F81287}.Fody|x64.ActiveCfg = Release|x64
		{1004C72E-4656-4BBB-991A-252CC9F81287}.Fody|x64.Build.0 = Release|x64
		{1004C72E-4656-4BBB-991A-252CC9F81287}.Fody|x86.ActiveCfg = Release|x86
		{1004C72E-4656-4BBB-991A-252CC9F81287}.Fody|x86.Build.0 = Release|x86
		{1004C72E-4656-4BBB-991A-252CC9F81287}.Release|Any CPU.ActiveCfg = Release|Any CPU
		{1004C72E-4656-4BBB-991A-252CC9F81287}.Release|Any CPU.Build.0 = Release|Any CPU
		{1004C72E-4656-4BBB-991A-252CC9F81287}.Release|x64.ActiveCfg = Release|x64
		{1004C72E-4656-4BBB-991A-252CC9F81287}.Release|x64.Build.0 = Release|x64
		{1004C72E-4656-4BBB-991A-252CC9F81287}.Release|x86.ActiveCfg = Release|x86
		{1004C72E-4656-4BBB-991A-252CC9F81287}.Release|x86.Build.0 = Release|x86
	EndGlobalSection
	GlobalSection(SolutionProperties) = preSolution
		HideSolutionNode = FALSE
	EndGlobalSection
	GlobalSection(ExtensibilityGlobals) = postSolution
		SolutionGuid = {97798923-B6D4-4927-921D-A489DDB3C837}
	EndGlobalSection
EndGlobal
